
Microsoft Visual Studio Solution File, Format Version 12.00
# Visual Studio Version 16
VisualStudioVersion = 16.0.31112.23
MinimumVisualStudioVersion = 10.0.40219.1
Project("{FAE04EC0-301F-11D3-BF4B-00C04F79EFBC}") = "Broker", "Broker\Broker.csproj", "{32488A5B-EE93-44D6-A6FA-FFF09FA7BE5A}"
EndProject
Project("{FAE04EC0-301F-11D3-BF4B-00C04F79EFBC}") = "Events", "Events\Events.csproj", "{6ABC47B4-4FB5-41EE-ADCD-9DB85E48621D}"
EndProject
Global
	GlobalSection(SolutionConfigurationPlatforms) = preSolution
		Debug|Any CPU = Debug|Any CPU
		Release|Any CPU = Release|Any CPU
	EndGlobalSection
	GlobalSection(ProjectConfigurationPlatforms) = postSolution
		{32488A5B-EE93-44D6-A6FA-FFF09FA7BE5A}.Debug|Any CPU.ActiveCfg = Debug|Any CPU
		{32488A5B-EE93-44D6-A6FA-FFF09FA7BE5A}.Debug|Any CPU.Build.0 = Debug|Any CPU
		{32488A5B-EE93-44D6-A6FA-FFF09FA7BE5A}.Release|Any CPU.ActiveCfg = Release|Any CPU
		{32488A5B-EE93-44D6-A6FA-FFF09FA7BE5A}.Release|Any CPU.Build.0 = Release|Any CPU
		{6ABC47B4-4FB5-41EE-ADCD-9DB85E48621D}.Debug|Any CPU.ActiveCfg = Debug|Any CPU
		{6ABC47B4-4FB5-41EE-ADCD-9DB85E48621D}.Debug|Any CPU.Build.0 = Debug|Any CPU
		{6ABC47B4-4FB5-41EE-ADCD-9DB85E48621D}.Release|Any CPU.ActiveCfg = Release|Any CPU
		{6ABC47B4-4FB5-41EE-ADCD-9DB85E48621D}.Release|Any CPU.Build.0 = Release|Any CPU
	EndGlobalSection
	GlobalSection(SolutionProperties) = preSolution
		HideSolutionNode = FALSE
	EndGlobalSection
	GlobalSection(ExtensibilityGlobals) = postSolution
		SolutionGuid = {4428A1B4-5BB7-47FA-B9FC-7F3838999595}
	EndGlobalSection
EndGlobal
